
Microsoft Visual Studio Solution File, Format Version 12.00
# Visual Studio Version 17
VisualStudioVersion = 17.0.32014.148
MinimumVisualStudioVersion = 10.0.40219.1
Project("{2150E333-8FDC-42A3-9474-1A3956D46DE8}") = "Scripts", "Scripts", "{8B32CE97-7FCE-45C0-BB81-FF31F4A23730}"
EndProject
Project("{2150E333-8FDC-42A3-9474-1A3956D46DE8}") = "CreateTeam", "CreateTeam", "{ACDA5228-C28B-4080-9A9E-1C142BE23A4B}"
	ProjectSection(SolutionItems) = preProject
		CreateTeam.xml = CreateTeam.xml
	EndProjectSection
EndProject
Project("{2150E333-8FDC-42A3-9474-1A3956D46DE8}") = "Actions", "Actions", "{0B03EA75-F3E5-417E-AFF3-D8376661419A}"
EndProject
Project("{FAE04EC0-301F-11D3-BF4B-00C04F79EFBC}") = "CreateTeam_1", "CreateTeam_1\CreateTeam_1.csproj", "{D33AFE58-2429-4EA6-96EA-33686C50D7D5}"
EndProject
Project("{2150E333-8FDC-42A3-9474-1A3956D46DE8}") = "CreateChannel", "CreateChannel", "{0512DFC7-817E-4996-BCF3-91D35FE2EAF5}"
	ProjectSection(SolutionItems) = preProject
		CreateChannel.xml = CreateChannel.xml
	EndProjectSection
EndProject
Project("{2150E333-8FDC-42A3-9474-1A3956D46DE8}") = "Actions", "Actions", "{519C1CB0-B3CF-41BB-BF7D-BBF6715B2826}"
EndProject
Project("{FAE04EC0-301F-11D3-BF4B-00C04F79EFBC}") = "CreateChannel_1", "CreateChannel_1\CreateChannel_1.csproj", "{7007D4CE-E705-4B81-A8E6-06E133C744A3}"
EndProject
Project("{2150E333-8FDC-42A3-9474-1A3956D46DE8}") = "AddTeamMembers", "AddTeamMembers", "{7D3227E0-54DF-4F02-BECB-7EFCC5D4B0D7}"
	ProjectSection(SolutionItems) = preProject
		AddTeamMembers.xml = AddTeamMembers.xml
	EndProjectSection
EndProject
Project("{2150E333-8FDC-42A3-9474-1A3956D46DE8}") = "Actions", "Actions", "{A38B3031-7F03-4301-8AA6-8FD9EDD26FAD}"
EndProject
Project("{FAE04EC0-301F-11D3-BF4B-00C04F79EFBC}") = "AddTeamMembers_1", "AddTeamMembers_1\AddTeamMembers_1.csproj", "{A1F05110-7BED-4F2E-A8E1-E8615541234B}"
EndProject
Project("{2150E333-8FDC-42A3-9474-1A3956D46DE8}") = "SendChannelNotification", "SendChannelNotification", "{9DA748C4-2968-4D4E-81DD-1107EAF5A133}"
	ProjectSection(SolutionItems) = preProject
		SendChannelNotification.xml = SendChannelNotification.xml
	EndProjectSection
EndProject
Project("{2150E333-8FDC-42A3-9474-1A3956D46DE8}") = "Actions", "Actions", "{D53726B6-3025-49FE-BDCD-7089AE186B8C}"
EndProject
Project("{FAE04EC0-301F-11D3-BF4B-00C04F79EFBC}") = "SendChannelNotification_1", "SendChannelNotification_1\SendChannelNotification_1.csproj", "{35522F75-1702-45B1-ADF2-635A092115A2}"
EndProject
Project("{2150E333-8FDC-42A3-9474-1A3956D46DE8}") = "AddTeamOwners", "AddTeamOwners", "{A5A29C8B-A040-4B57-B4F4-2198D6FCFCFE}"
	ProjectSection(SolutionItems) = preProject
		AddTeamOwners.xml = AddTeamOwners.xml
	EndProjectSection
EndProject
Project("{2150E333-8FDC-42A3-9474-1A3956D46DE8}") = "Actions", "Actions", "{B5C219CB-D133-42E9-AA25-C1DAEE37FD88}"
EndProject
Project("{FAE04EC0-301F-11D3-BF4B-00C04F79EFBC}") = "AddTeamOwners_1", "AddTeamOwners_1\AddTeamOwners_1.csproj", "{50E9A31A-59AD-434D-A0B0-A52E94900255}"
EndProject
Project("{2150E333-8FDC-42A3-9474-1A3956D46DE8}") = "SendChatNotification", "SendChatNotification", "{FFBA5E4D-E36E-4D89-8292-3AF9B11C0ECB}"
	ProjectSection(SolutionItems) = preProject
		SendChatNotification.xml = SendChatNotification.xml
	EndProjectSection
EndProject
Project("{2150E333-8FDC-42A3-9474-1A3956D46DE8}") = "Actions", "Actions", "{F4B3B043-4069-476A-8C8D-D5BBC5EFD17E}"
EndProject
Project("{FAE04EC0-301F-11D3-BF4B-00C04F79EFBC}") = "SendChatNotification_1", "SendChatNotification_1\SendChatNotification_1.csproj", "{551E0D9B-CF40-4D47-8DBE-BE5FABED4149}"
EndProject
Project("{2150E333-8FDC-42A3-9474-1A3956D46DE8}") = "Internal", "Internal", "{6582B2CE-F83E-4983-8EE3-EE66805A0C6D}"
EndProject
Project("{2150E333-8FDC-42A3-9474-1A3956D46DE8}") = "Code Analysis", "Code Analysis", "{956E2FD9-988D-4781-BA2D-E845F811054F}"
	ProjectSection(SolutionItems) = preProject
		Internal\Code Analysis\qaction-debug.ruleset = Internal\Code Analysis\qaction-debug.ruleset
		Internal\Code Analysis\qaction-release.ruleset = Internal\Code Analysis\qaction-release.ruleset
	EndProjectSection
EndProject
Global
	GlobalSection(SolutionConfigurationPlatforms) = preSolution
		Debug|Any CPU = Debug|Any CPU
		Release|Any CPU = Release|Any CPU
	EndGlobalSection
	GlobalSection(ProjectConfigurationPlatforms) = postSolution
		{D33AFE58-2429-4EA6-96EA-33686C50D7D5}.Debug|Any CPU.ActiveCfg = Debug|Any CPU
		{D33AFE58-2429-4EA6-96EA-33686C50D7D5}.Debug|Any CPU.Build.0 = Debug|Any CPU
		{D33AFE58-2429-4EA6-96EA-33686C50D7D5}.Release|Any CPU.ActiveCfg = Release|Any CPU
		{D33AFE58-2429-4EA6-96EA-33686C50D7D5}.Release|Any CPU.Build.0 = Release|Any CPU
		{7007D4CE-E705-4B81-A8E6-06E133C744A3}.Debug|Any CPU.ActiveCfg = Debug|Any CPU
		{7007D4CE-E705-4B81-A8E6-06E133C744A3}.Debug|Any CPU.Build.0 = Debug|Any CPU
		{7007D4CE-E705-4B81-A8E6-06E133C744A3}.Release|Any CPU.ActiveCfg = Release|Any CPU
		{7007D4CE-E705-4B81-A8E6-06E133C744A3}.Release|Any CPU.Build.0 = Release|Any CPU
		{A1F05110-7BED-4F2E-A8E1-E8615541234B}.Debug|Any CPU.ActiveCfg = Debug|Any CPU
		{A1F05110-7BED-4F2E-A8E1-E8615541234B}.Debug|Any CPU.Build.0 = Debug|Any CPU
		{A1F05110-7BED-4F2E-A8E1-E8615541234B}.Release|Any CPU.ActiveCfg = Release|Any CPU
		{A1F05110-7BED-4F2E-A8E1-E8615541234B}.Release|Any CPU.Build.0 = Release|Any CPU
		{35522F75-1702-45B1-ADF2-635A092115A2}.Debug|Any CPU.ActiveCfg = Debug|Any CPU
		{35522F75-1702-45B1-ADF2-635A092115A2}.Debug|Any CPU.Build.0 = Debug|Any CPU
		{35522F75-1702-45B1-ADF2-635A092115A2}.Release|Any CPU.ActiveCfg = Release|Any CPU
		{35522F75-1702-45B1-ADF2-635A092115A2}.Release|Any CPU.Build.0 = Release|Any CPU
		{50E9A31A-59AD-434D-A0B0-A52E94900255}.Debug|Any CPU.ActiveCfg = Debug|Any CPU
		{50E9A31A-59AD-434D-A0B0-A52E94900255}.Debug|Any CPU.Build.0 = Debug|Any CPU
		{50E9A31A-59AD-434D-A0B0-A52E94900255}.Release|Any CPU.ActiveCfg = Release|Any CPU
		{50E9A31A-59AD-434D-A0B0-A52E94900255}.Release|Any CPU.Build.0 = Release|Any CPU
		{551E0D9B-CF40-4D47-8DBE-BE5FABED4149}.Debug|Any CPU.ActiveCfg = Debug|Any CPU
		{551E0D9B-CF40-4D47-8DBE-BE5FABED4149}.Debug|Any CPU.Build.0 = Debug|Any CPU
		{551E0D9B-CF40-4D47-8DBE-BE5FABED4149}.Release|Any CPU.ActiveCfg = Release|Any CPU
		{551E0D9B-CF40-4D47-8DBE-BE5FABED4149}.Release|Any CPU.Build.0 = Release|Any CPU
	EndGlobalSection
	GlobalSection(SolutionProperties) = preSolution
		HideSolutionNode = FALSE
	EndGlobalSection
	GlobalSection(NestedProjects) = preSolution
		{ACDA5228-C28B-4080-9A9E-1C142BE23A4B} = {8B32CE97-7FCE-45C0-BB81-FF31F4A23730}
		{0B03EA75-F3E5-417E-AFF3-D8376661419A} = {ACDA5228-C28B-4080-9A9E-1C142BE23A4B}
		{D33AFE58-2429-4EA6-96EA-33686C50D7D5} = {0B03EA75-F3E5-417E-AFF3-D8376661419A}
		{0512DFC7-817E-4996-BCF3-91D35FE2EAF5} = {8B32CE97-7FCE-45C0-BB81-FF31F4A23730}
		{519C1CB0-B3CF-41BB-BF7D-BBF6715B2826} = {0512DFC7-817E-4996-BCF3-91D35FE2EAF5}
		{7007D4CE-E705-4B81-A8E6-06E133C744A3} = {519C1CB0-B3CF-41BB-BF7D-BBF6715B2826}
		{7D3227E0-54DF-4F02-BECB-7EFCC5D4B0D7} = {8B32CE97-7FCE-45C0-BB81-FF31F4A23730}
		{A38B3031-7F03-4301-8AA6-8FD9EDD26FAD} = {7D3227E0-54DF-4F02-BECB-7EFCC5D4B0D7}
		{A1F05110-7BED-4F2E-A8E1-E8615541234B} = {A38B3031-7F03-4301-8AA6-8FD9EDD26FAD}
		{9DA748C4-2968-4D4E-81DD-1107EAF5A133} = {8B32CE97-7FCE-45C0-BB81-FF31F4A23730}
		{D53726B6-3025-49FE-BDCD-7089AE186B8C} = {9DA748C4-2968-4D4E-81DD-1107EAF5A133}
		{35522F75-1702-45B1-ADF2-635A092115A2} = {D53726B6-3025-49FE-BDCD-7089AE186B8C}
		{A5A29C8B-A040-4B57-B4F4-2198D6FCFCFE} = {8B32CE97-7FCE-45C0-BB81-FF31F4A23730}
		{B5C219CB-D133-42E9-AA25-C1DAEE37FD88} = {A5A29C8B-A040-4B57-B4F4-2198D6FCFCFE}
		{50E9A31A-59AD-434D-A0B0-A52E94900255} = {B5C219CB-D133-42E9-AA25-C1DAEE37FD88}
		{FFBA5E4D-E36E-4D89-8292-3AF9B11C0ECB} = {8B32CE97-7FCE-45C0-BB81-FF31F4A23730}
		{F4B3B043-4069-476A-8C8D-D5BBC5EFD17E} = {FFBA5E4D-E36E-4D89-8292-3AF9B11C0ECB}
		{551E0D9B-CF40-4D47-8DBE-BE5FABED4149} = {F4B3B043-4069-476A-8C8D-D5BBC5EFD17E}
		{956E2FD9-988D-4781-BA2D-E845F811054F} = {6582B2CE-F83E-4983-8EE3-EE66805A0C6D}
	EndGlobalSection
	GlobalSection(ExtensibilityGlobals) = postSolution
		SolutionGuid = {87EE2F9E-F61F-46A9-A2F5-60F23E767BCC}
	EndGlobalSection
EndGlobal
