
Microsoft Visual Studio Solution File, Format Version 12.00
# Visual Studio Version 17
VisualStudioVersion = 17.0.32014.148
MinimumVisualStudioVersion = 10.0.40219.1
Project("{2150E333-8FDC-42A3-9474-1A3956D46DE8}") = "Scripts", "Scripts", "{8B32CE97-7FCE-45C0-BB81-FF31F4A23730}"
EndProject
Project("{2150E333-8FDC-42A3-9474-1A3956D46DE8}") = "CreateTeam", "CreateTeam", "{ACDA5228-C28B-4080-9A9E-1C142BE23A4B}"
	ProjectSection(SolutionItems) = preProject
		CreateTeam.xml = CreateTeam.xml
	EndProjectSection
EndProject
Project("{2150E333-8FDC-42A3-9474-1A3956D46DE8}") = "Actions", "Actions", "{0B03EA75-F3E5-417E-AFF3-D8376661419A}"
EndProject
Project("{FAE04EC0-301F-11D3-BF4B-00C04F79EFBC}") = "CreateTeam_1", "CreateTeam_1\CreateTeam_1.csproj", "{D33AFE58-2429-4EA6-96EA-33686C50D7D5}"
EndProject
Project("{2150E333-8FDC-42A3-9474-1A3956D46DE8}") = "CreateChannel", "CreateChannel", "{0512DFC7-817E-4996-BCF3-91D35FE2EAF5}"
	ProjectSection(SolutionItems) = preProject
		CreateChannel.xml = CreateChannel.xml
	EndProjectSection
EndProject
Project("{2150E333-8FDC-42A3-9474-1A3956D46DE8}") = "Actions", "Actions", "{519C1CB0-B3CF-41BB-BF7D-BBF6715B2826}"
EndProject
Project("{FAE04EC0-301F-11D3-BF4B-00C04F79EFBC}") = "CreateChannel_1", "CreateChannel_1\CreateChannel_1.csproj", "{7007D4CE-E705-4B81-A8E6-06E133C744A3}"
EndProject
Project("{2150E333-8FDC-42A3-9474-1A3956D46DE8}") = "AddTeamMembers", "AddTeamMembers", "{7D3227E0-54DF-4F02-BECB-7EFCC5D4B0D7}"
	ProjectSection(SolutionItems) = preProject
		AddTeamMembers.xml = AddTeamMembers.xml
	EndProjectSection
EndProject
Project("{2150E333-8FDC-42A3-9474-1A3956D46DE8}") = "Actions", "Actions", "{A38B3031-7F03-4301-8AA6-8FD9EDD26FAD}"
EndProject
Project("{FAE04EC0-301F-11D3-BF4B-00C04F79EFBC}") = "AddTeamMembers_1", "AddTeamMembers_1\AddTeamMembers_1.csproj", "{A1F05110-7BED-4F2E-A8E1-E8615541234B}"
EndProject
Project("{2150E333-8FDC-42A3-9474-1A3956D46DE8}") = "SendChannelNotification", "SendChannelNotification", "{9DA748C4-2968-4D4E-81DD-1107EAF5A133}"
	ProjectSection(SolutionItems) = preProject
		SendChannelNotification.xml = SendChannelNotification.xml
	EndProjectSection
EndProject
Project("{2150E333-8FDC-42A3-9474-1A3956D46DE8}") = "Actions", "Actions", "{D53726B6-3025-49FE-BDCD-7089AE186B8C}"
EndProject
Project("{FAE04EC0-301F-11D3-BF4B-00C04F79EFBC}") = "SendChannelNotification_1", "SendChannelNotification_1\SendChannelNotification_1.csproj", "{35522F75-1702-45B1-ADF2-635A092115A2}"
EndProject
Project("{2150E333-8FDC-42A3-9474-1A3956D46DE8}") = "AddTeamOwners", "AddTeamOwners", "{A5A29C8B-A040-4B57-B4F4-2198D6FCFCFE}"
	ProjectSection(SolutionItems) = preProject
		AddTeamOwners.xml = AddTeamOwners.xml
	EndProjectSection
EndProject
Project("{2150E333-8FDC-42A3-9474-1A3956D46DE8}") = "Actions", "Actions", "{B5C219CB-D133-42E9-AA25-C1DAEE37FD88}"
EndProject
Project("{FAE04EC0-301F-11D3-BF4B-00C04F79EFBC}") = "AddTeamOwners_1", "AddTeamOwners_1\AddTeamOwners_1.csproj", "{50E9A31A-59AD-434D-A0B0-A52E94900255}"
EndProject
Project("{2150E333-8FDC-42A3-9474-1A3956D46DE8}") = "SendChatNotification", "SendChatNotification", "{FFBA5E4D-E36E-4D89-8292-3AF9B11C0ECB}"
	ProjectSection(SolutionItems) = preProject
		SendChatNotification.xml = SendChatNotification.xml
	EndProjectSection
EndProject
Project("{2150E333-8FDC-42A3-9474-1A3956D46DE8}") = "Actions", "Actions", "{F4B3B043-4069-476A-8C8D-D5BBC5EFD17E}"
EndProject
Project("{FAE04EC0-301F-11D3-BF4B-00C04F79EFBC}") = "SendChatNotification_1", "SendChatNotification_1\SendChatNotification_1.csproj", "{551E0D9B-CF40-4D47-8DBE-BE5FABED4149}"
EndProject
Project("{2150E333-8FDC-42A3-9474-1A3956D46DE8}") = "Internal", "Internal", "{6582B2CE-F83E-4983-8EE3-EE66805A0C6D}"
EndProject
Project("{2150E333-8FDC-42A3-9474-1A3956D46DE8}") = "Code Analysis", "Code Analysis", "{956E2FD9-988D-4781-BA2D-E845F811054F}"
	ProjectSection(SolutionItems) = preProject
		Internal\Code Analysis\qaction-debug.ruleset = Internal\Code Analysis\qaction-debug.ruleset
		Internal\Code Analysis\qaction-release.ruleset = Internal\Code Analysis\qaction-release.ruleset
	EndProjectSection
EndProject
Project("{2150E333-8FDC-42A3-9474-1A3956D46DE8}") = "Dlls", "Dlls", "{C153402A-6069-4418-B48C-DF0899016AC4}"
	ProjectSection(SolutionItems) = preProject
		Dlls\readme.txt = Dlls\readme.txt
	EndProjectSection
EndProject
Project("{2150E333-8FDC-42A3-9474-1A3956D46DE8}") = "FetchPrivateChat", "FetchPrivateChat", "{7E834CBA-3F54-48B6-8D83-945065F366E0}"
	ProjectSection(SolutionItems) = preProject
		FetchPrivateChat.xml = FetchPrivateChat.xml
	EndProjectSection
EndProject
Project("{2150E333-8FDC-42A3-9474-1A3956D46DE8}") = "Actions", "Actions", "{5DF0B31E-D06F-451C-A856-FC04B2CA618E}"
EndProject
Project("{FAE04EC0-301F-11D3-BF4B-00C04F79EFBC}") = "FetchPrivateChat_1", "FetchPrivateChat_1\FetchPrivateChat_1.csproj", "{2F6DA9E6-00B9-4099-99B6-AFF9A41A42A1}"
EndProject
Project("{2150E333-8FDC-42A3-9474-1A3956D46DE8}") = "CreatePrivateChat", "CreatePrivateChat", "{9A4A40C7-DF91-44E4-B14E-7E26150DD240}"
	ProjectSection(SolutionItems) = preProject
		CreatePrivateChat.xml = CreatePrivateChat.xml
	EndProjectSection
EndProject
Project("{2150E333-8FDC-42A3-9474-1A3956D46DE8}") = "Actions", "Actions", "{33F3A0AF-7969-4965-970D-D7A1B84A1F5B}"
EndProject
Project("{FAE04EC0-301F-11D3-BF4B-00C04F79EFBC}") = "CreatePrivateChat_1", "CreatePrivateChat_1\CreatePrivateChat_1.csproj", "{D4601A92-37F1-4348-97CA-927DD9359B64}"
EndProject
Project("{2150E333-8FDC-42A3-9474-1A3956D46DE8}") = "FetchTeams", "FetchTeams", "{7399CCDF-8545-4736-B502-11A3AB4DAA63}"
	ProjectSection(SolutionItems) = preProject
		FetchTeams.xml = FetchTeams.xml
	EndProjectSection
EndProject
Project("{2150E333-8FDC-42A3-9474-1A3956D46DE8}") = "Actions", "Actions", "{7A9C2E36-C876-490A-BFAE-7F84788F8F51}"
EndProject
Project("{FAE04EC0-301F-11D3-BF4B-00C04F79EFBC}") = "FetchTeams_1", "FetchTeams_1\FetchTeams_1.csproj", "{06F19080-CD77-4679-8537-4D70276A38F9}"
EndProject
Project("{2150E333-8FDC-42A3-9474-1A3956D46DE8}") = "FetchChannels", "FetchChannels", "{8738B64B-A4AE-4C9C-B2AE-41B59094FE0C}"
	ProjectSection(SolutionItems) = preProject
		FetchChannels.xml = FetchChannels.xml
	EndProjectSection
EndProject
Project("{2150E333-8FDC-42A3-9474-1A3956D46DE8}") = "Actions", "Actions", "{832BB225-74F9-474C-9011-79284B9E5E0A}"
EndProject
Project("{FAE04EC0-301F-11D3-BF4B-00C04F79EFBC}") = "FetchChannels_1", "FetchChannels_1\FetchChannels_1.csproj", "{0F6CDAA4-3071-4303-B626-C9497F1BC5E3}"
EndProject
Project("{2150E333-8FDC-42A3-9474-1A3956D46DE8}") = "SendChatNotificationCard", "SendChatNotificationCard", "{3B909CDA-A4AE-42D8-9935-B2AFA621EB2F}"
	ProjectSection(SolutionItems) = preProject
		SendChatNotificationCard.xml = SendChatNotificationCard.xml
	EndProjectSection
EndProject
Project("{2150E333-8FDC-42A3-9474-1A3956D46DE8}") = "Actions", "Actions", "{AD6DB4F2-5E3B-4711-A249-E19A7B4C4608}"
EndProject
Project("{FAE04EC0-301F-11D3-BF4B-00C04F79EFBC}") = "SendChatNotificationCard_1", "SendChatNotificationCard_1\SendChatNotificationCard_1.csproj", "{5AF50E0E-C06D-4666-B242-802196E6510C}"
EndProject
Project("{2150E333-8FDC-42A3-9474-1A3956D46DE8}") = "SendChannelNotificationCard", "SendChannelNotificationCard", "{05998E79-E005-43FC-9FA1-A3825074740C}"
	ProjectSection(SolutionItems) = preProject
		SendChannelNotificationCard.xml = SendChannelNotificationCard.xml
	EndProjectSection
EndProject
Project("{2150E333-8FDC-42A3-9474-1A3956D46DE8}") = "Actions", "Actions", "{2B99C837-96E9-4D9D-B79B-8E6EBF4A9C5C}"
EndProject
Project("{FAE04EC0-301F-11D3-BF4B-00C04F79EFBC}") = "SendChannelNotificationCard_1", "SendChannelNotificationCard_1\SendChannelNotificationCard_1.csproj", "{A32F4659-D589-426A-8EB6-58A507FD54C4}"
EndProject
Project("{2150E333-8FDC-42A3-9474-1A3956D46DE8}") = "SendChannelNotificationCardWithButton", "SendChannelNotificationCardWithButton", "{4CE25D44-CE75-449B-85DC-6AE6304EC987}"
	ProjectSection(SolutionItems) = preProject
		SendChannelNotificationCardWithButton.xml = SendChannelNotificationCardWithButton.xml
	EndProjectSection
EndProject
Project("{2150E333-8FDC-42A3-9474-1A3956D46DE8}") = "Actions", "Actions", "{55B56BE2-58BB-41E1-B10B-BDB0B8E67EAC}"
EndProject
Project("{FAE04EC0-301F-11D3-BF4B-00C04F79EFBC}") = "SendChannelNotificationCardWithButton_1", "SendChannelNotificationCardWithButton_1\SendChannelNotificationCardWithButton_1.csproj", "{D8138C67-664D-4C29-8089-96463CED58CF}"
EndProject
Project("{2150E333-8FDC-42A3-9474-1A3956D46DE8}") = "SendChatNotificationCardWithButton", "SendChatNotificationCardWithButton", "{6784EDBE-623E-43DC-ADC1-C57B7ABA479B}"
	ProjectSection(SolutionItems) = preProject
		SendChatNotificationCardWithButton.xml = SendChatNotificationCardWithButton.xml
	EndProjectSection
EndProject
Project("{2150E333-8FDC-42A3-9474-1A3956D46DE8}") = "Actions", "Actions", "{867811ED-F4DB-48B7-9528-E5815E5E2945}"
EndProject
Project("{FAE04EC0-301F-11D3-BF4B-00C04F79EFBC}") = "SendChatNotificationCardWithButton_1", "SendChatNotificationCardWithButton_1\SendChatNotificationCardWithButton_1.csproj", "{6E77E3E1-04FD-4B9F-B493-103A31E51105}"
EndProject
Global
	GlobalSection(SolutionConfigurationPlatforms) = preSolution
		Debug|Any CPU = Debug|Any CPU
		Release|Any CPU = Release|Any CPU
	EndGlobalSection
	GlobalSection(ProjectConfigurationPlatforms) = postSolution
		{D33AFE58-2429-4EA6-96EA-33686C50D7D5}.Debug|Any CPU.ActiveCfg = Debug|Any CPU
		{D33AFE58-2429-4EA6-96EA-33686C50D7D5}.Debug|Any CPU.Build.0 = Debug|Any CPU
		{D33AFE58-2429-4EA6-96EA-33686C50D7D5}.Release|Any CPU.ActiveCfg = Release|Any CPU
		{D33AFE58-2429-4EA6-96EA-33686C50D7D5}.Release|Any CPU.Build.0 = Release|Any CPU
		{7007D4CE-E705-4B81-A8E6-06E133C744A3}.Debug|Any CPU.ActiveCfg = Debug|Any CPU
		{7007D4CE-E705-4B81-A8E6-06E133C744A3}.Debug|Any CPU.Build.0 = Debug|Any CPU
		{7007D4CE-E705-4B81-A8E6-06E133C744A3}.Release|Any CPU.ActiveCfg = Release|Any CPU
		{7007D4CE-E705-4B81-A8E6-06E133C744A3}.Release|Any CPU.Build.0 = Release|Any CPU
		{A1F05110-7BED-4F2E-A8E1-E8615541234B}.Debug|Any CPU.ActiveCfg = Debug|Any CPU
		{A1F05110-7BED-4F2E-A8E1-E8615541234B}.Debug|Any CPU.Build.0 = Debug|Any CPU
		{A1F05110-7BED-4F2E-A8E1-E8615541234B}.Release|Any CPU.ActiveCfg = Release|Any CPU
		{A1F05110-7BED-4F2E-A8E1-E8615541234B}.Release|Any CPU.Build.0 = Release|Any CPU
		{35522F75-1702-45B1-ADF2-635A092115A2}.Debug|Any CPU.ActiveCfg = Debug|Any CPU
		{35522F75-1702-45B1-ADF2-635A092115A2}.Debug|Any CPU.Build.0 = Debug|Any CPU
		{35522F75-1702-45B1-ADF2-635A092115A2}.Release|Any CPU.ActiveCfg = Release|Any CPU
		{35522F75-1702-45B1-ADF2-635A092115A2}.Release|Any CPU.Build.0 = Release|Any CPU
		{50E9A31A-59AD-434D-A0B0-A52E94900255}.Debug|Any CPU.ActiveCfg = Debug|Any CPU
		{50E9A31A-59AD-434D-A0B0-A52E94900255}.Debug|Any CPU.Build.0 = Debug|Any CPU
		{50E9A31A-59AD-434D-A0B0-A52E94900255}.Release|Any CPU.ActiveCfg = Release|Any CPU
		{50E9A31A-59AD-434D-A0B0-A52E94900255}.Release|Any CPU.Build.0 = Release|Any CPU
		{551E0D9B-CF40-4D47-8DBE-BE5FABED4149}.Debug|Any CPU.ActiveCfg = Debug|Any CPU
		{551E0D9B-CF40-4D47-8DBE-BE5FABED4149}.Debug|Any CPU.Build.0 = Debug|Any CPU
		{551E0D9B-CF40-4D47-8DBE-BE5FABED4149}.Release|Any CPU.ActiveCfg = Release|Any CPU
		{551E0D9B-CF40-4D47-8DBE-BE5FABED4149}.Release|Any CPU.Build.0 = Release|Any CPU
		{2F6DA9E6-00B9-4099-99B6-AFF9A41A42A1}.Debug|Any CPU.ActiveCfg = Debug|Any CPU
		{2F6DA9E6-00B9-4099-99B6-AFF9A41A42A1}.Debug|Any CPU.Build.0 = Debug|Any CPU
		{2F6DA9E6-00B9-4099-99B6-AFF9A41A42A1}.Release|Any CPU.ActiveCfg = Release|Any CPU
		{2F6DA9E6-00B9-4099-99B6-AFF9A41A42A1}.Release|Any CPU.Build.0 = Release|Any CPU
		{D4601A92-37F1-4348-97CA-927DD9359B64}.Debug|Any CPU.ActiveCfg = Debug|Any CPU
		{D4601A92-37F1-4348-97CA-927DD9359B64}.Debug|Any CPU.Build.0 = Debug|Any CPU
		{D4601A92-37F1-4348-97CA-927DD9359B64}.Release|Any CPU.ActiveCfg = Release|Any CPU
		{D4601A92-37F1-4348-97CA-927DD9359B64}.Release|Any CPU.Build.0 = Release|Any CPU
		{06F19080-CD77-4679-8537-4D70276A38F9}.Debug|Any CPU.ActiveCfg = Debug|Any CPU
		{06F19080-CD77-4679-8537-4D70276A38F9}.Debug|Any CPU.Build.0 = Debug|Any CPU
		{06F19080-CD77-4679-8537-4D70276A38F9}.Release|Any CPU.ActiveCfg = Release|Any CPU
		{06F19080-CD77-4679-8537-4D70276A38F9}.Release|Any CPU.Build.0 = Release|Any CPU
		{0F6CDAA4-3071-4303-B626-C9497F1BC5E3}.Debug|Any CPU.ActiveCfg = Debug|Any CPU
		{0F6CDAA4-3071-4303-B626-C9497F1BC5E3}.Debug|Any CPU.Build.0 = Debug|Any CPU
		{0F6CDAA4-3071-4303-B626-C9497F1BC5E3}.Release|Any CPU.ActiveCfg = Release|Any CPU
		{0F6CDAA4-3071-4303-B626-C9497F1BC5E3}.Release|Any CPU.Build.0 = Release|Any CPU
		{5AF50E0E-C06D-4666-B242-802196E6510C}.Debug|Any CPU.ActiveCfg = Debug|Any CPU
		{5AF50E0E-C06D-4666-B242-802196E6510C}.Debug|Any CPU.Build.0 = Debug|Any CPU
		{5AF50E0E-C06D-4666-B242-802196E6510C}.Release|Any CPU.ActiveCfg = Release|Any CPU
		{5AF50E0E-C06D-4666-B242-802196E6510C}.Release|Any CPU.Build.0 = Release|Any CPU
		{A32F4659-D589-426A-8EB6-58A507FD54C4}.Debug|Any CPU.ActiveCfg = Debug|Any CPU
		{A32F4659-D589-426A-8EB6-58A507FD54C4}.Debug|Any CPU.Build.0 = Debug|Any CPU
		{A32F4659-D589-426A-8EB6-58A507FD54C4}.Release|Any CPU.ActiveCfg = Release|Any CPU
		{A32F4659-D589-426A-8EB6-58A507FD54C4}.Release|Any CPU.Build.0 = Release|Any CPU
		{D8138C67-664D-4C29-8089-96463CED58CF}.Debug|Any CPU.ActiveCfg = Debug|Any CPU
		{D8138C67-664D-4C29-8089-96463CED58CF}.Debug|Any CPU.Build.0 = Debug|Any CPU
		{D8138C67-664D-4C29-8089-96463CED58CF}.Release|Any CPU.ActiveCfg = Release|Any CPU
		{D8138C67-664D-4C29-8089-96463CED58CF}.Release|Any CPU.Build.0 = Release|Any CPU
		{6E77E3E1-04FD-4B9F-B493-103A31E51105}.Debug|Any CPU.ActiveCfg = Debug|Any CPU
		{6E77E3E1-04FD-4B9F-B493-103A31E51105}.Debug|Any CPU.Build.0 = Debug|Any CPU
		{6E77E3E1-04FD-4B9F-B493-103A31E51105}.Release|Any CPU.ActiveCfg = Release|Any CPU
		{6E77E3E1-04FD-4B9F-B493-103A31E51105}.Release|Any CPU.Build.0 = Release|Any CPU
	EndGlobalSection
	GlobalSection(SolutionProperties) = preSolution
		HideSolutionNode = FALSE
	EndGlobalSection
	GlobalSection(NestedProjects) = preSolution
		{ACDA5228-C28B-4080-9A9E-1C142BE23A4B} = {8B32CE97-7FCE-45C0-BB81-FF31F4A23730}
		{0B03EA75-F3E5-417E-AFF3-D8376661419A} = {ACDA5228-C28B-4080-9A9E-1C142BE23A4B}
		{D33AFE58-2429-4EA6-96EA-33686C50D7D5} = {0B03EA75-F3E5-417E-AFF3-D8376661419A}
		{0512DFC7-817E-4996-BCF3-91D35FE2EAF5} = {8B32CE97-7FCE-45C0-BB81-FF31F4A23730}
		{519C1CB0-B3CF-41BB-BF7D-BBF6715B2826} = {0512DFC7-817E-4996-BCF3-91D35FE2EAF5}
		{7007D4CE-E705-4B81-A8E6-06E133C744A3} = {519C1CB0-B3CF-41BB-BF7D-BBF6715B2826}
		{7D3227E0-54DF-4F02-BECB-7EFCC5D4B0D7} = {8B32CE97-7FCE-45C0-BB81-FF31F4A23730}
		{A38B3031-7F03-4301-8AA6-8FD9EDD26FAD} = {7D3227E0-54DF-4F02-BECB-7EFCC5D4B0D7}
		{A1F05110-7BED-4F2E-A8E1-E8615541234B} = {A38B3031-7F03-4301-8AA6-8FD9EDD26FAD}
		{9DA748C4-2968-4D4E-81DD-1107EAF5A133} = {8B32CE97-7FCE-45C0-BB81-FF31F4A23730}
		{D53726B6-3025-49FE-BDCD-7089AE186B8C} = {9DA748C4-2968-4D4E-81DD-1107EAF5A133}
		{35522F75-1702-45B1-ADF2-635A092115A2} = {D53726B6-3025-49FE-BDCD-7089AE186B8C}
		{A5A29C8B-A040-4B57-B4F4-2198D6FCFCFE} = {8B32CE97-7FCE-45C0-BB81-FF31F4A23730}
		{B5C219CB-D133-42E9-AA25-C1DAEE37FD88} = {A5A29C8B-A040-4B57-B4F4-2198D6FCFCFE}
		{50E9A31A-59AD-434D-A0B0-A52E94900255} = {B5C219CB-D133-42E9-AA25-C1DAEE37FD88}
		{FFBA5E4D-E36E-4D89-8292-3AF9B11C0ECB} = {8B32CE97-7FCE-45C0-BB81-FF31F4A23730}
		{F4B3B043-4069-476A-8C8D-D5BBC5EFD17E} = {FFBA5E4D-E36E-4D89-8292-3AF9B11C0ECB}
		{551E0D9B-CF40-4D47-8DBE-BE5FABED4149} = {F4B3B043-4069-476A-8C8D-D5BBC5EFD17E}
		{956E2FD9-988D-4781-BA2D-E845F811054F} = {6582B2CE-F83E-4983-8EE3-EE66805A0C6D}
		{7E834CBA-3F54-48B6-8D83-945065F366E0} = {8B32CE97-7FCE-45C0-BB81-FF31F4A23730}
		{5DF0B31E-D06F-451C-A856-FC04B2CA618E} = {7E834CBA-3F54-48B6-8D83-945065F366E0}
		{2F6DA9E6-00B9-4099-99B6-AFF9A41A42A1} = {5DF0B31E-D06F-451C-A856-FC04B2CA618E}
		{9A4A40C7-DF91-44E4-B14E-7E26150DD240} = {8B32CE97-7FCE-45C0-BB81-FF31F4A23730}
		{33F3A0AF-7969-4965-970D-D7A1B84A1F5B} = {9A4A40C7-DF91-44E4-B14E-7E26150DD240}
		{D4601A92-37F1-4348-97CA-927DD9359B64} = {33F3A0AF-7969-4965-970D-D7A1B84A1F5B}
		{7399CCDF-8545-4736-B502-11A3AB4DAA63} = {8B32CE97-7FCE-45C0-BB81-FF31F4A23730}
		{7A9C2E36-C876-490A-BFAE-7F84788F8F51} = {7399CCDF-8545-4736-B502-11A3AB4DAA63}
		{06F19080-CD77-4679-8537-4D70276A38F9} = {7A9C2E36-C876-490A-BFAE-7F84788F8F51}
		{8738B64B-A4AE-4C9C-B2AE-41B59094FE0C} = {8B32CE97-7FCE-45C0-BB81-FF31F4A23730}
		{832BB225-74F9-474C-9011-79284B9E5E0A} = {8738B64B-A4AE-4C9C-B2AE-41B59094FE0C}
		{0F6CDAA4-3071-4303-B626-C9497F1BC5E3} = {832BB225-74F9-474C-9011-79284B9E5E0A}
		{3B909CDA-A4AE-42D8-9935-B2AFA621EB2F} = {8B32CE97-7FCE-45C0-BB81-FF31F4A23730}
		{AD6DB4F2-5E3B-4711-A249-E19A7B4C4608} = {3B909CDA-A4AE-42D8-9935-B2AFA621EB2F}
		{5AF50E0E-C06D-4666-B242-802196E6510C} = {AD6DB4F2-5E3B-4711-A249-E19A7B4C4608}
		{05998E79-E005-43FC-9FA1-A3825074740C} = {8B32CE97-7FCE-45C0-BB81-FF31F4A23730}
		{2B99C837-96E9-4D9D-B79B-8E6EBF4A9C5C} = {05998E79-E005-43FC-9FA1-A3825074740C}
		{A32F4659-D589-426A-8EB6-58A507FD54C4} = {2B99C837-96E9-4D9D-B79B-8E6EBF4A9C5C}
		{4CE25D44-CE75-449B-85DC-6AE6304EC987} = {8B32CE97-7FCE-45C0-BB81-FF31F4A23730}
		{55B56BE2-58BB-41E1-B10B-BDB0B8E67EAC} = {4CE25D44-CE75-449B-85DC-6AE6304EC987}
		{D8138C67-664D-4C29-8089-96463CED58CF} = {55B56BE2-58BB-41E1-B10B-BDB0B8E67EAC}
		{6784EDBE-623E-43DC-ADC1-C57B7ABA479B} = {8B32CE97-7FCE-45C0-BB81-FF31F4A23730}
		{867811ED-F4DB-48B7-9528-E5815E5E2945} = {6784EDBE-623E-43DC-ADC1-C57B7ABA479B}
		{6E77E3E1-04FD-4B9F-B493-103A31E51105} = {867811ED-F4DB-48B7-9528-E5815E5E2945}
	EndGlobalSection
	GlobalSection(ExtensibilityGlobals) = postSolution
		SolutionGuid = {87EE2F9E-F61F-46A9-A2F5-60F23E767BCC}
	EndGlobalSection
EndGlobal
